{
  "requires": true,
  "lockfileVersion": 1,
  "dependencies": {
    "react-audio-recorder": {
      "version": "2.2.0",
      "resolved": "https://registry.npmjs.org/react-audio-recorder/-/react-audio-recorder-2.2.0.tgz",
      "integrity": "sha512-YVWmrvz+NhqbeDgmfddI5bJUBx5AZcaksqlK86Mv6PfSYUbJSmb45rg16lASjo6CU/jFOJIAnLAMTHGAWbp0NQ=="
    },
    "react-voice-recorder": {
      "version": "2.0.1",
      "resolved": "https://registry.npmjs.org/react-voice-recorder/-/react-voice-recorder-2.0.1.tgz",
      "integrity": "sha512-pPTan5L8lBNF+XH5e9dFgmwuk5RavyvNkvUxGcN8YCRypbKiWGhvTmYg9w2q4jXrSm2RIfHDsr42SQJBcdP01A=="
    }
  }
}
